<?xml version="1.0" encoding="utf-8"?>
<Project ToolsVersion="4.0" xmlns="http://schemas.microsoft.com/developer/msbuild/2003">
  <ItemGroup>
    <Filter Include="Source Files">
      <UniqueIdentifier>{4FC737F1-C7A5-4376-A066-2A32D752A2FF}</UniqueIdentifier>
      <Extensions>cpp;c;cc;cxx;c++;cppm;ixx;def;odl;idl;hpj;bat;asm;asmx</Extensions>
    </Filter>
    <Filter Include="Header Files">
      <UniqueIdentifier>{93995380-89BD-4b04-88EB-625FBE52EBFB}</UniqueIdentifier>
      <Extensions>h;hh;hpp;hxx;h++;hm;inl;inc;ipp;xsd</Extensions>
    </Filter>
    <Filter Include="Resource Files">
      <UniqueIdentifier>{67DA6AB6-F800-4c08-8B7A-83BB121AAD01}</UniqueIdentifier>
      <Extensions>rc;ico;cur;bmp;dlg;rc2;rct;bin;rgs;gif;jpg;jpeg;jpe;resx;tiff;tif;png;wav;mfcribbon-ms</Extensions>
    </Filter>
    <Filter Include="HTML">
      <UniqueIdentifier>{d857d07a-781c-4394-b25c-b1f89d01ee3d}</UniqueIdentifier>
    </Filter>
    <Filter Include="JS">
      <UniqueIdentifier>{edb75f92-ed97-4583-a045-612c8c5c0a8a}</UniqueIdentifier>
    </Filter>
    <Filter Include="HTML\Quiz">
      <UniqueIdentifier>{44933ce9-0ec6-4ca7-a0f5-a036ec7efcf3}</UniqueIdentifier>
    </Filter>
    <Filter Include="HTML\Pool">
      <UniqueIdentifier>{4c6cf9b7-ec76-4592-9d06-b845025a8774}</UniqueIdentifier>
    </Filter>
    <Filter Include="HTML\Other">
      <UniqueIdentifier>{36a59f9c-780f-41ee-b084-11cbd98aedf3}</UniqueIdentifier>
    </Filter>
    <Filter Include="JS\pool">
      <UniqueIdentifier>{c625e04b-7dbb-4c36-b4d5-1a9c76c91471}</UniqueIdentifier>
    </Filter>
    <Filter Include="JS\quiz">
      <UniqueIdentifier>{aa7f5101-21e1-4d45-b7c1-662199ccd923}</UniqueIdentifier>
    </Filter>
    <Filter Include="JS\other">
      <UniqueIdentifier>{041ac040-9e80-4a6b-9db9-ec774393a2d1}</UniqueIdentifier>
    </Filter>
  </ItemGroup>
  <ItemGroup>
    <ClCompile Include="QuizSharedDocker\main.cpp">
      <Filter>Source Files</Filter>
    </ClCompile>
    <ClCompile Include="QuizSharedDocker\objects\Answer.cpp">
      <Filter>Source Files</Filter>
    </ClCompile>
    <ClCompile Include="QuizSharedDocker\objects\Question.cpp">
      <Filter>Source Files</Filter>
    </ClCompile>
    <ClCompile Include="QuizSharedDocker\objects\Quiz.cpp">
      <Filter>Source Files</Filter>
    </ClCompile>
    <ClCompile Include="QuizSharedDocker\objects\QuestionPool.cpp">
      <Filter>Source Files</Filter>
    </ClCompile>
    <ClCompile Include="QuizSharedDocker\objects\Database.cpp">
      <Filter>Source Files</Filter>
    </ClCompile>
    <ClCompile Include="QuizSharedDocker\objects\Logger.cpp">
      <Filter>Source Files</Filter>
    </ClCompile>
    <ClCompile Include="QuizSharedDocker\objects\JsonDTO.cpp">
      <Filter>Source Files</Filter>
    </ClCompile>
  </ItemGroup>
  <ItemGroup>
    <ClInclude Include="QuizSharedDocker\objects\Answer.h">
      <Filter>Header Files</Filter>
    </ClInclude>
    <ClInclude Include="QuizSharedDocker\objects\Question.h">
      <Filter>Header Files</Filter>
    </ClInclude>
    <ClInclude Include="QuizSharedDocker\objects\Quiz.h">
      <Filter>Header Files</Filter>
    </ClInclude>
    <ClInclude Include="QuizSharedDocker\objects\QuestionPool.h">
      <Filter>Header Files</Filter>
    </ClInclude>
    <ClInclude Include="QuizSharedDocker\objects\Database.h">
      <Filter>Header Files</Filter>
    </ClInclude>
    <ClInclude Include="QuizSharedDocker\objects\json.hpp">
      <Filter>Header Files</Filter>
    </ClInclude>
    <ClInclude Include="QuizSharedDocker\objects\json_fwd.hpp">
      <Filter>Header Files</Filter>
    </ClInclude>
    <ClInclude Include="QuizSharedDocker\objects\Logger.h">
      <Filter>Header Files</Filter>
    </ClInclude>
  </ItemGroup>
  <ItemGroup>
    <None Include="QuizSharedDocker\public\createQuiz.html">
      <Filter>HTML\Quiz</Filter>
    </None>
    <None Include="QuizSharedDocker\public\createPool.html">
      <Filter>HTML\Pool</Filter>
    </None>
    <None Include="QuizSharedDocker\public\deletePool.html">
      <Filter>HTML\Pool</Filter>
    </None>
    <None Include="QuizSharedDocker\public\editPool.html">
      <Filter>HTML\Pool</Filter>
    </None>
    <None Include="QuizSharedDocker\public\index.html">
      <Filter>HTML\Other</Filter>
    </None>
    <None Include="QuizSharedDocker\public\questionPool.html">
      <Filter>HTML\Pool</Filter>
    </None>
    <None Include="QuizSharedDocker\public\quizLandingPage.html">
      <Filter>HTML\Quiz</Filter>
    </None>
    <None Include="QuizSharedDocker\public\selectPool.html">
      <Filter>HTML\Pool</Filter>
    </None>
    <None Include="QuizSharedDocker\public\studentIndex.html">
      <Filter>HTML\Other</Filter>
    </None>
    <None Include="QuizSharedDocker\public\takeQuiz.html">
      <Filter>HTML\Quiz</Filter>
    </None>
    <None Include="QuizSharedDocker\public\selectQuiz.html">
      <Filter>HTML\Quiz</Filter>
    </None>
    <None Include="QuizSharedDocker\public\viewQuiz.html">
      <Filter>HTML\Quiz</Filter>
    </None>
    <None Include="QuizSharedDocker\public\quizViewer.html">
      <Filter>HTML\Quiz</Filter>
    </None>
    <None Include="QuizSharedDocker\public\editQuiz.html">
      <Filter>HTML\Quiz</Filter>
    </None>
    <None Include="QuizSharedDocker\public\scripts\editpool.js">
      <Filter>JS\pool</Filter>
    </None>
    <None Include="QuizSharedDocker\public\scripts\questionPoolForm.js">
      <Filter>JS\pool</Filter>
    </None>
    <None Include="QuizSharedDocker\public\scripts\selectPool.js">
      <Filter>JS\pool</Filter>
    </None>
    <None Include="QuizSharedDocker\public\scripts\takeQuiz.js">
      <Filter>JS\quiz</Filter>
    </None>
    <None Include="QuizSharedDocker\public\scripts\quizLandingPage.js">
      <Filter>JS\quiz</Filter>
    </None>
    <None Include="QuizSharedDocker\public\scripts\loadMenuOption.js">
      <Filter>JS\other</Filter>
    </None>
    <None Include="QuizSharedDocker\public\scripts\getMode.js">
      <Filter>JS\other</Filter>
    </None>
    <None Include="QuizSharedDocker\public\scripts\viewQuiz.js">
      <Filter>JS\quiz</Filter>
    </None>
    <None Include="QuizSharedDocker\public\scripts\communication.js">
      <Filter>JS\other</Filter>
    </None>
    <None Include="QuizSharedDocker\public\scripts\quizCreateAlert.js">
      <Filter>JS\quiz</Filter>
    </None>
    <None Include="QuizSharedDocker\public\scripts\loadQuizButtons.js">
      <Filter>JS\quiz</Filter>
    </None>
    <None Include="QuizSharedDocker\public\scripts\indexes.js">
      <Filter>JS\other</Filter>
    </None>
  </ItemGroup>
</Project>