<?xml version="1.0" encoding="utf-8"?>
<Project ToolsVersion="4.0" xmlns="http://schemas.microsoft.com/developer/msbuild/2003">
  <ItemGroup>
    <Filter Include="Source Files">
      <UniqueIdentifier>{4FC737F1-C7A5-4376-A066-2A32D752A2FF}</UniqueIdentifier>
      <Extensions>cpp;c;cc;cxx;c++;cppm;ixx;def;odl;idl;hpj;bat;asm;asmx</Extensions>
    </Filter>
    <Filter Include="Header Files">
      <UniqueIdentifier>{93995380-89BD-4b04-88EB-625FBE52EBFB}</UniqueIdentifier>
      <Extensions>h;hh;hpp;hxx;h++;hm;inl;inc;ipp;xsd</Extensions>
    </Filter>
    <Filter Include="Resource Files">
      <UniqueIdentifier>{67DA6AB6-F800-4c08-8B7A-83BB121AAD01}</UniqueIdentifier>
      <Extensions>rc;ico;cur;bmp;dlg;rc2;rct;bin;rgs;gif;jpg;jpeg;jpe;resx;tiff;tif;png;wav;mfcribbon-ms</Extensions>
    </Filter>
    <Filter Include="HTML">
      <UniqueIdentifier>{d857d07a-781c-4394-b25c-b1f89d01ee3d}</UniqueIdentifier>
    </Filter>
    <Filter Include="JS">
      <UniqueIdentifier>{edb75f92-ed97-4583-a045-612c8c5c0a8a}</UniqueIdentifier>
    </Filter>
  </ItemGroup>
  <ItemGroup>
    <ClCompile Include="QuizSharedDocker\main.cpp">
      <Filter>Source Files</Filter>
    </ClCompile>
    <ClCompile Include="QuizSharedDocker\objects\Answer.cpp">
      <Filter>Source Files</Filter>
    </ClCompile>
    <ClCompile Include="QuizSharedDocker\objects\Question.cpp">
      <Filter>Source Files</Filter>
    </ClCompile>
    <ClCompile Include="QuizSharedDocker\objects\Quiz.cpp">
      <Filter>Source Files</Filter>
    </ClCompile>
    <ClCompile Include="QuizSharedDocker\objects\QuestionPool.cpp">
      <Filter>Source Files</Filter>
    </ClCompile>
  </ItemGroup>
  <ItemGroup>
    <ClInclude Include="QuizSharedDocker\objects\Answer.h">
      <Filter>Header Files</Filter>
    </ClInclude>
    <ClInclude Include="QuizSharedDocker\objects\Question.h">
      <Filter>Header Files</Filter>
    </ClInclude>
    <ClInclude Include="QuizSharedDocker\objects\Quiz.h">
      <Filter>Header Files</Filter>
    </ClInclude>
    <ClInclude Include="QuizSharedDocker\objects\QuestionPool.h">
      <Filter>Header Files</Filter>
    </ClInclude>
  </ItemGroup>
  <ItemGroup>
    <None Include="QuizSharedDocker\public\questionPool.html">
      <Filter>HTML</Filter>
    </None>
    <None Include="QuizSharedDocker\public\index.html">
      <Filter>HTML</Filter>
    </None>
    <None Include="QuizSharedDocker\public\createPool.html">
      <Filter>HTML</Filter>
    </None>
    <None Include="QuizSharedDocker\public\deletePool.html">
      <Filter>HTML</Filter>
    </None>
    <None Include="QuizSharedDocker\public\editPool.html">
      <Filter>HTML</Filter>
    </None>
    <None Include="QuizSharedDocker\public\scripts\questionPoolForm.js">
      <Filter>JS</Filter>
    </None>
    <None Include="QuizSharedDocker\public\selectPool.html">
      <Filter>HTML</Filter>
    </None>
    <None Include="QuizSharedDocker\public\scripts\selectPool.js">
      <Filter>JS</Filter>
    </None>
  </ItemGroup>
</Project>